
Microsoft Visual Studio Solution File, Format Version 12.00
# Visual Studio 15
VisualStudioVersion = 15.0.27703.2018
MinimumVisualStudioVersion = 10.0.40219.1
Project("{FAE04EC0-301F-11D3-BF4B-00C04F79EFBC}") = "CodeWare", "CodeWare\CodeWare.csproj", "{76045F76-2890-47FA-A651-09DB7B05B198}"
EndProject
Global
	GlobalSection(SolutionConfigurationPlatforms) = preSolution
		Debug|Any CPU = Debug|Any CPU
		Release|Any CPU = Release|Any CPU
	EndGlobalSection
	GlobalSection(ProjectConfigurationPlatforms) = postSolution
		{76045F76-2890-47FA-A651-09DB7B05B198}.Debug|Any CPU.ActiveCfg = Debug|Any CPU
		{76045F76-2890-47FA-A651-09DB7B05B198}.Debug|Any CPU.Build.0 = Debug|Any CPU
		{76045F76-2890-47FA-A651-09DB7B05B198}.Release|Any CPU.ActiveCfg = Release|Any CPU
		{76045F76-2890-47FA-A651-09DB7B05B198}.Release|Any CPU.Build.0 = Release|Any CPU
	EndGlobalSection
	GlobalSection(SolutionProperties) = preSolution
		HideSolutionNode = FALSE
	EndGlobalSection
	GlobalSection(ExtensibilityGlobals) = postSolution
		SolutionGuid = {DC0DE6BC-D724-42DE-BF6B-45774D2B9F5F}
	EndGlobalSection
EndGlobal
